
Microsoft Visual Studio Solution File, Format Version 12.00
# Visual Studio 14
VisualStudioVersion = 14.0.25123.0
MinimumVisualStudioVersion = 10.0.40219.1
Project("{FAE04EC0-301F-11D3-BF4B-00C04F79EFBC}") = "Linq_tasks_begin", "Linq_tasks_begin\Linq_tasks_begin.csproj", "{1E90E649-3AE7-4B76-9366-3FFD3FD82BDD}"
EndProject
Global
	GlobalSection(SolutionConfigurationPlatforms) = preSolution
		Debug|Any CPU = Debug|Any CPU
		Release|Any CPU = Release|Any CPU
	EndGlobalSection
	GlobalSection(ProjectConfigurationPlatforms) = postSolution
		{1E90E649-3AE7-4B76-9366-3FFD3FD82BDD}.Debug|Any CPU.ActiveCfg = Debug|Any CPU
		{1E90E649-3AE7-4B76-9366-3FFD3FD82BDD}.Debug|Any CPU.Build.0 = Debug|Any CPU
		{1E90E649-3AE7-4B76-9366-3FFD3FD82BDD}.Release|Any CPU.ActiveCfg = Release|Any CPU
		{1E90E649-3AE7-4B76-9366-3FFD3FD82BDD}.Release|Any CPU.Build.0 = Release|Any CPU
	EndGlobalSection
	GlobalSection(SolutionProperties) = preSolution
		HideSolutionNode = FALSE
	EndGlobalSection
EndGlobal
